
Microsoft Visual Studio Solution File, Format Version 12.00
# Visual Studio 2013
VisualStudioVersion = 12.0.40629.0
MinimumVisualStudioVersion = 10.0.40219.1
Project("{FAE04EC0-301F-11D3-BF4B-00C04F79EFBC}") = "CEV3", "CEV3\CEV3.csproj", "{9046E5DB-E59C-4762-9AD8-BB2C83EE9612}"
EndProject
Project("{FAE04EC0-301F-11D3-BF4B-00C04F79EFBC}") = "DB", "Conexion\DB.csproj", "{3A73F5E5-195C-46F8-8283-B93A7D86D3A9}"
EndProject
Project("{FAE04EC0-301F-11D3-BF4B-00C04F79EFBC}") = "CEV3_Lib", "Negocios\CEV3_Lib.csproj", "{3EFDA494-9C33-43B0-BC85-3EC38306DF5D}"
EndProject
Global
	GlobalSection(SolutionConfigurationPlatforms) = preSolution
		Debug|Any CPU = Debug|Any CPU
		Release|Any CPU = Release|Any CPU
	EndGlobalSection
	GlobalSection(ProjectConfigurationPlatforms) = postSolution
		{9046E5DB-E59C-4762-9AD8-BB2C83EE9612}.Debug|Any CPU.ActiveCfg = Debug|Any CPU
		{9046E5DB-E59C-4762-9AD8-BB2C83EE9612}.Debug|Any CPU.Build.0 = Debug|Any CPU
		{9046E5DB-E59C-4762-9AD8-BB2C83EE9612}.Release|Any CPU.ActiveCfg = Release|Any CPU
		{9046E5DB-E59C-4762-9AD8-BB2C83EE9612}.Release|Any CPU.Build.0 = Release|Any CPU
		{3A73F5E5-195C-46F8-8283-B93A7D86D3A9}.Debug|Any CPU.ActiveCfg = Debug|Any CPU
		{3A73F5E5-195C-46F8-8283-B93A7D86D3A9}.Debug|Any CPU.Build.0 = Debug|Any CPU
		{3A73F5E5-195C-46F8-8283-B93A7D86D3A9}.Release|Any CPU.ActiveCfg = Release|Any CPU
		{3A73F5E5-195C-46F8-8283-B93A7D86D3A9}.Release|Any CPU.Build.0 = Release|Any CPU
		{3EFDA494-9C33-43B0-BC85-3EC38306DF5D}.Debug|Any CPU.ActiveCfg = Debug|Any CPU
		{3EFDA494-9C33-43B0-BC85-3EC38306DF5D}.Debug|Any CPU.Build.0 = Debug|Any CPU
		{3EFDA494-9C33-43B0-BC85-3EC38306DF5D}.Release|Any CPU.ActiveCfg = Release|Any CPU
		{3EFDA494-9C33-43B0-BC85-3EC38306DF5D}.Release|Any CPU.Build.0 = Release|Any CPU
	EndGlobalSection
	GlobalSection(SolutionProperties) = preSolution
		HideSolutionNode = FALSE
	EndGlobalSection
EndGlobal
